{
  "lockfileVersion": 1,
  "configVersion": 1,
  "workspaces": {
    "": {
      "name": "bun-react-template",
      "dependencies": {
        "bun-plugin-tailwind": "^0.1.2",
        "react": "^19",
        "react-dom": "^19",
        "tailwindcss": "^4.1.11",
      },
      "devDependencies": {
        "@types/bun": "latest",
        "@types/react": "^19",
        "@types/react-dom": "^19",
      },
    },
  },
  "packages": {
    "@oven/bun-darwin-aarch64": ["@oven/bun-darwin-aarch64@1.3.4", "", { "os": "darwin", "cpu": "arm64" }, "sha512-2Ie4jDGvNGuPSD+pyyBKL8dJmX+bZfDNYEalwgROImVtwB1XYAatJK20dMaRlPA7jOhjvS9Io+4IZAJu7Js0AA=="],

    "@oven/bun-darwin-x64": ["@oven/bun-darwin-x64@1.3.4", "", { "os": "darwin", "cpu": "x64" }, "sha512-4/BJojT8hk5g6Gecjn5yI7y96/+9Mtzsvdp9+2dcy9sTMdlV7jBvDzswqyJPZyQqw0F3HV3Vu9XuMubZwKd9lA=="],

    "@oven/bun-darwin-x64-baseline": ["@oven/bun-darwin-x64-baseline@1.3.4", "", { "os": "darwin", "cpu": "x64" }, "sha512-ZYxzIOCDqylTMsnWYERjKMMuK2b4an4qbloBmUZTwLHmVzos00yrhtpitZhJBgH6yB/l4Q5eoJ2W98UKtFFeiQ=="],

    "@oven/bun-linux-aarch64": ["@oven/bun-linux-aarch64@1.3.4", "", { "os": "linux", "cpu": "arm64" }, "sha512-8DUIlanftMdFxLGq2FxwKwfrp8O4ZofF/8Oc6lxCyEFmg2hixbHhL04+fPfJIi5D4hZloynxZdwTeDbGv/Kc4A=="],

    "@oven/bun-linux-aarch64-musl": ["@oven/bun-linux-aarch64-musl@1.3.4", "", { "os": "linux", "cpu": "arm64" }, "sha512-6UtmM4wXgRKz+gnLZEfddfsuBSVQpJr09K12e5pbdnLzeWgXYlBT5FG8S7SVn1t6cbgBMnigEsFjWwfTuMNoCw=="],

    "@oven/bun-linux-x64": ["@oven/bun-linux-x64@1.3.4", "", { "os": "linux", "cpu": "x64" }, "sha512-03iSDMqdrmIFAsvsRptq+A7EGNjkg20dNzPnqxAlXHk5rc1PeIRWIP0eIn0i3nI6mmdj33mimf9AGr0+d0lKMg=="],

    "@oven/bun-linux-x64-baseline": ["@oven/bun-linux-x64-baseline@1.3.4", "", { "os": "linux", "cpu": "x64" }, "sha512-ZMGPbFPqmG/VYJv61D+Y1V7T23jPK57vYl7yYLakmkTRjG6vcJ0Akhb2qR1iW94rHvfEBjeuVDAZBp8Qp9oyWA=="],

    "@oven/bun-linux-x64-musl": ["@oven/bun-linux-x64-musl@1.3.4", "", { "os": "linux", "cpu": "x64" }, "sha512-xUXPuJHndGhk4K3Cx1FgTyTgDZOn+ki3eWvdXYqKdfi0EaNA9KpUq+/vUtpJbZRjzpHs9L+OJcdDILq5H0LX4g=="],

    "@oven/bun-linux-x64-musl-baseline": ["@oven/bun-linux-x64-musl-baseline@1.3.4", "", { "os": "linux", "cpu": "x64" }, "sha512-qsGSSlNsxiX8lAayK2uYCfMLtqu776F0nn7qoyzg9Ti7mElM3woNh7RtGClTwQ6qsp5/UvgqT9g4pLaDHmqJFg=="],

    "@oven/bun-windows-x64": ["@oven/bun-windows-x64@1.3.4", "", { "os": "win32", "cpu": "x64" }, "sha512-nswsuN6+HZPim6x4tFpDFpMa/qpTKfywbGvCkzxwrbJO9MtpuW/54NA1nFbHhpV14OLU0xuxyBj2PK4FHq4MlA=="],

    "@oven/bun-windows-x64-baseline": ["@oven/bun-windows-x64-baseline@1.3.4", "", { "os": "win32", "cpu": "x64" }, "sha512-ZQiSDFfSUdOrPTiL2GvkxlC/kMED4fsJwdZnwJK6S9ylXnk9xY/9ZXfe1615SFLQl2LsVRzJAtjQLeM0BifIKQ=="],

    "@types/bun": ["@types/bun@1.3.4", "", { "dependencies": { "bun-types": "1.3.4" } }, "sha512-EEPTKXHP+zKGPkhRLv+HI0UEX8/o+65hqARxLy8Ov5rIxMBPNTjeZww00CIihrIQGEQBYg+0roO5qOnS/7boGA=="],

    "@types/node": ["@types/node@25.0.1", "", { "dependencies": { "undici-types": "~7.16.0" } }, "sha512-czWPzKIAXucn9PtsttxmumiQ9N0ok9FrBwgRWrwmVLlp86BrMExzvXRLFYRJ+Ex3g6yqj+KuaxfX1JTgV2lpfg=="],

    "@types/react": ["@types/react@19.2.7", "", { "dependencies": { "csstype": "^3.2.2" } }, "sha512-MWtvHrGZLFttgeEj28VXHxpmwYbor/ATPYbBfSFZEIRK0ecCFLl2Qo55z52Hss+UV9CRN7trSeq1zbgx7YDWWg=="],

    "@types/react-dom": ["@types/react-dom@19.2.3", "", { "peerDependencies": { "@types/react": "^19.2.0" } }, "sha512-jp2L/eY6fn+KgVVQAOqYItbF0VY/YApe5Mz2F0aykSO8gx31bYCZyvSeYxCHKvzHG5eZjc+zyaS5BrBWya2+kQ=="],

    "bun": ["bun@1.3.4", "", { "optionalDependencies": { "@oven/bun-darwin-aarch64": "1.3.4", "@oven/bun-darwin-x64": "1.3.4", "@oven/bun-darwin-x64-baseline": "1.3.4", "@oven/bun-linux-aarch64": "1.3.4", "@oven/bun-linux-aarch64-musl": "1.3.4", "@oven/bun-linux-x64": "1.3.4", "@oven/bun-linux-x64-baseline": "1.3.4", "@oven/bun-linux-x64-musl": "1.3.4", "@oven/bun-linux-x64-musl-baseline": "1.3.4", "@oven/bun-windows-x64": "1.3.4", "@oven/bun-windows-x64-baseline": "1.3.4" }, "os": [ "linux", "win32", "darwin", ], "cpu": [ "x64", "arm64", ], "bin": { "bun": "bin/bun.exe", "bunx": "bin/bunx.exe" } }, "sha512-xV6KgD5ImquuKsoghzbWmYzeCXmmSgN6yJGz444hri2W+NGKNRFUNrEhy9+/rRXbvNA2qF0K0jAwqFNy1/GhBg=="],

    "bun-plugin-tailwind": ["bun-plugin-tailwind@0.1.2", "", { "peerDependencies": { "bun": ">=1.0.0" } }, "sha512-41jNC1tZRSK3s1o7pTNrLuQG8kL/0vR/JgiTmZAJ1eHwe0w5j6HFPKeqEk0WAD13jfrUC7+ULuewFBBCoADPpg=="],

    "bun-types": ["bun-types@1.3.4", "", { "dependencies": { "@types/node": "*" } }, "sha512-5ua817+BZPZOlNaRgGBpZJOSAQ9RQ17pkwPD0yR7CfJg+r8DgIILByFifDTa+IPDDxzf5VNhtNlcKqFzDgJvlQ=="],

    "csstype": ["csstype@3.2.3", "", {}, "sha512-z1HGKcYy2xA8AGQfwrn0PAy+PB7X/GSj3UVJW9qKyn43xWa+gl5nXmU4qqLMRzWVLFC8KusUX8T/0kCiOYpAIQ=="],

    "react": ["react@19.2.3", "", {}, "sha512-Ku/hhYbVjOQnXDZFv2+RibmLFGwFdeeKHFcOTlrt7xplBnya5OGn/hIRDsqDiSUcfORsDC7MPxwork8jBwsIWA=="],

    "react-dom": ["react-dom@19.2.3", "", { "dependencies": { "scheduler": "^0.27.0" }, "peerDependencies": { "react": "^19.2.3" } }, "sha512-yELu4WmLPw5Mr/lmeEpox5rw3RETacE++JgHqQzd2dg+YbJuat3jH4ingc+WPZhxaoFzdv9y33G+F7Nl5O0GBg=="],

    "scheduler": ["scheduler@0.27.0", "", {}, "sha512-eNv+WrVbKu1f3vbYJT/xtiF5syA5HPIMtf9IgY/nKg0sWqzAUEvqY/xm7OcZc/qafLx/iO9FgOmeSAp4v5ti/Q=="],

    "tailwindcss": ["tailwindcss@4.1.18", "", {}, "sha512-4+Z+0yiYyEtUVCScyfHCxOYP06L5Ne+JiHhY2IjR2KWMIWhJOYZKLSGZaP5HkZ8+bY0cxfzwDE5uOmzFXyIwxw=="],

    "undici-types": ["undici-types@7.16.0", "", {}, "sha512-Zz+aZWSj8LE6zoxD+xrjh4VfkIG8Ya6LvYkZqtUQGJPZjYl53ypCaUwWqo7eI0x66KBGeRo+mlBEkMSeSZ38Nw=="],
  }
}
